
Microsoft Visual Studio Solution File, Format Version 11.00
# Visual Studio 2010
Project("{FAE04EC0-301F-11D3-BF4B-00C04F79EFBC}") = "apartment", "Assembly-CSharp-firstpass.csproj", "{3CBC3475-B424-6643-ACD3-8FB30A9AC82B}"
EndProject
Project("{FAE04EC0-301F-11D3-BF4B-00C04F79EFBC}") = "apartment", "Assembly-CSharp.csproj", "{64BA89F4-3398-72C5-82DE-419E1C36E01F}"
EndProject
Project("{FAE04EC0-301F-11D3-BF4B-00C04F79EFBC}") = "apartment", "Assembly-CSharp-Editor-firstpass.csproj", "{90CBFC3A-2CF0-5A5A-B5ED-6DCC1A307721}"
EndProject
Global
	GlobalSection(SolutionConfigurationPlatforms) = preSolution
		Debug|Any CPU = Debug|Any CPU
		Release|Any CPU = Release|Any CPU
	EndGlobalSection
	GlobalSection(ProjectConfigurationPlatforms) = postSolution
		{3CBC3475-B424-6643-ACD3-8FB30A9AC82B}.Debug|Any CPU.ActiveCfg = Debug|Any CPU
		{3CBC3475-B424-6643-ACD3-8FB30A9AC82B}.Debug|Any CPU.Build.0 = Debug|Any CPU
		{3CBC3475-B424-6643-ACD3-8FB30A9AC82B}.Release|Any CPU.ActiveCfg = Release|Any CPU
		{3CBC3475-B424-6643-ACD3-8FB30A9AC82B}.Release|Any CPU.Build.0 = Release|Any CPU
		{64BA89F4-3398-72C5-82DE-419E1C36E01F}.Debug|Any CPU.ActiveCfg = Debug|Any CPU
		{64BA89F4-3398-72C5-82DE-419E1C36E01F}.Debug|Any CPU.Build.0 = Debug|Any CPU
		{64BA89F4-3398-72C5-82DE-419E1C36E01F}.Release|Any CPU.ActiveCfg = Release|Any CPU
		{64BA89F4-3398-72C5-82DE-419E1C36E01F}.Release|Any CPU.Build.0 = Release|Any CPU
		{90CBFC3A-2CF0-5A5A-B5ED-6DCC1A307721}.Debug|Any CPU.ActiveCfg = Debug|Any CPU
		{90CBFC3A-2CF0-5A5A-B5ED-6DCC1A307721}.Debug|Any CPU.Build.0 = Debug|Any CPU
		{90CBFC3A-2CF0-5A5A-B5ED-6DCC1A307721}.Release|Any CPU.ActiveCfg = Release|Any CPU
		{90CBFC3A-2CF0-5A5A-B5ED-6DCC1A307721}.Release|Any CPU.Build.0 = Release|Any CPU
	EndGlobalSection
	GlobalSection(SolutionProperties) = preSolution
		HideSolutionNode = FALSE
	EndGlobalSection
	GlobalSection(MonoDevelopProperties) = preSolution
		StartupItem = Assembly-CSharp.csproj
	EndGlobalSection
EndGlobal
